Microsoft Visual Studio Solution File, Format Version 12.00
# Visual Studio 2012
Project("{F184B08F-C81C-45F6-A57F-5ABD9991F28F}") = "WindowsApplication54", "WindowsApplication54\WindowsApplication54.vbproj", "{555CBC83-7170-4702-AB62-D6DF39C9326A}"
EndProject
Global
	GlobalSection(SolutionConfigurationPlatforms) = preSolution
		Debug|Any CPU = Debug|Any CPU
		Release|Any CPU = Release|Any CPU
	EndGlobalSection
	GlobalSection(ProjectConfigurationPlatforms) = postSolution
		{555CBC83-7170-4702-AB62-D6DF39C9326A}.Debug|Any CPU.ActiveCfg = Debug|Any CPU
		{555CBC83-7170-4702-AB62-D6DF39C9326A}.Debug|Any CPU.Build.0 = Debug|Any CPU
		{555CBC83-7170-4702-AB62-D6DF39C9326A}.Release|Any CPU.ActiveCfg = Release|Any CPU
		{555CBC83-7170-4702-AB62-D6DF39C9326A}.Release|Any CPU.Build.0 = Release|Any CPU
	EndGlobalSection
	GlobalSection(SolutionProperties) = preSolution
		HideSolutionNode = FALSE
	EndGlobalSection
EndGlobal
